// !$*UTF8*$!
{
	archiveVersion = 1;
	classes = {
	};
	objectVersion = 46;
	objects = {

/* Begin PBXBuildFile section */
		501A6FB31928D9CC00954C51 /* XCTest.framework in Frameworks */ = {isa = PBXBuildFile; fileRef = 501A6FB21928D9CC00954C51 /* XCTest.framework */; };
		501A6FB41928D9CC00954C51 /* Foundation.framework in Frameworks */ = {isa = PBXBuildFile; fileRef = 501A6F991928D9CB00954C51 /* Foundation.framework */; };
		501A6FBD1928D9CC00954C51 /* InfoPlist.strings in Resources */ = {isa = PBXBuildFile; fileRef = 501A6FBB1928D9CC00954C51 /* InfoPlist.strings */; };
		501A6FBF1928D9CC00954C51 /* iOS_Tests.m in Sources */ = {isa = PBXBuildFile; fileRef = 501A6FBE1928D9CC00954C51 /* iOS_Tests.m */; };
		507C36AD1928DE8E00E80836 /* CoreFoundation.framework in Frameworks */ = {isa = PBXBuildFile; fileRef = 507C36AC1928DE8E00E80836 /* CoreFoundation.framework */; };
		507C36B31928DE8E00E80836 /* InfoPlist.strings in Resources */ = {isa = PBXBuildFile; fileRef = 507C36B11928DE8E00E80836 /* InfoPlist.strings */; };
		507C36B81928E19F00E80836 /* XCTest.framework in Frameworks */ = {isa = PBXBuildFile; fileRef = 501A6FB21928D9CC00954C51 /* XCTest.framework */; };
		507C36BD1928EA7600E80836 /* OSX_Test.m in Sources */ = {isa = PBXBuildFile; fileRef = 507C36BB1928EA7200E80836 /* OSX_Test.m */; };
		8611315DDD544A259A6BFEA1 /* libPods-ios.a in Frameworks */ = {isa = PBXBuildFile; fileRef = DC428F2533E64A1E9951CE29 /* libPods-ios.a */; };
		BDD19B97F56C4334963EAAC7 /* libPods-osx.a in Frameworks */ = {isa = PBXBuildFile; fileRef = 63EAAA0BE4D24C3CB773F2A7 /* libPods-osx.a */; };
/* End PBXBuildFile section */

/* Begin PBXFileReference section */
		4C5E926980C8423080AD8D9E /* Pods-ios.xcconfig */ = {isa = PBXFileReference; includeInIndex = 1; lastKnownFileType = text.xcconfig; name = "Pods-ios.xcconfig"; path = "Pods/Pods-ios.xcconfig"; sourceTree = "<group>"; };
		501A6F991928D9CB00954C51 /* Foundation.framework */ = {isa = PBXFileReference; lastKnownFileType = wrapper.framework; name = Foundation.framework; path = System/Library/Frameworks/Foundation.framework; sourceTree = SDKROOT; };
		501A6F9B1928D9CB00954C51 /* CoreGraphics.framework */ = {isa = PBXFileReference; lastKnownFileType = wrapper.framework; name = CoreGraphics.framework; path = System/Library/Frameworks/CoreGraphics.framework; sourceTree = SDKROOT; };
		501A6F9D1928D9CB00954C51 /* UIKit.framework */ = {isa = PBXFileReference; lastKnownFileType = wrapper.framework; name = UIKit.framework; path = Library/Frameworks/UIKit.framework; sourceTree = DEVELOPER_DIR; };
		501A6FB11928D9CC00954C51 /* iOS Tests.xctest */ = {isa = PBXFileReference; explicitFileType = wrapper.cfbundle; includeInIndex = 0; path = "iOS Tests.xctest"; sourceTree = BUILT_PRODUCTS_DIR; };
		501A6FB21928D9CC00954C51 /* XCTest.framework */ = {isa = PBXFileReference; lastKnownFileType = wrapper.framework; name = XCTest.framework; path = Library/Frameworks/XCTest.framework; sourceTree = DEVELOPER_DIR; };
		501A6FBA1928D9CC00954C51 /* iOS Tests-Info.plist */ = {isa = PBXFileReference; lastKnownFileType = text.plist.xml; path = "iOS Tests-Info.plist"; sourceTree = "<group>"; };
		501A6FBC1928D9CC00954C51 /* en */ = {isa = PBXFileReference; lastKnownFileType = text.plist.strings; name = en; path = en.lproj/InfoPlist.strings; sourceTree = "<group>"; };
		501A6FBE1928D9CC00954C51 /* iOS_Tests.m */ = {isa = PBXFileReference; indentWidth = 4; lastKnownFileType = sourcecode.c.objc; path = iOS_Tests.m; sourceTree = "<group>"; tabWidth = 4; };
		507C36AB1928DE8E00E80836 /* OS X Tests.xctest */ = {isa = PBXFileReference; explicitFileType = wrapper.cfbundle; includeInIndex = 0; path = "OS X Tests.xctest"; sourceTree = BUILT_PRODUCTS_DIR; };
		507C36AC1928DE8E00E80836 /* CoreFoundation.framework */ = {isa = PBXFileReference; lastKnownFileType = wrapper.framework; name = CoreFoundation.framework; path = System/Library/Frameworks/CoreFoundation.framework; sourceTree = SDKROOT; };
		507C36B01928DE8E00E80836 /* OS X Tests-Info.plist */ = {isa = PBXFileReference; lastKnownFileType = text.plist.xml; path = "OS X Tests-Info.plist"; sourceTree = "<group>"; };
		507C36B21928DE8E00E80836 /* en */ = {isa = PBXFileReference; lastKnownFileType = text.plist.strings; name = en; path = en.lproj/InfoPlist.strings; sourceTree = "<group>"; };
		507C36B41928DE8E00E80836 /* OS X Tests-Prefix.pch */ = {isa = PBXFileReference; lastKnownFileType = sourcecode.c.h; path = "OS X Tests-Prefix.pch"; sourceTree = "<group>"; };
		507C36BA1928E34B00E80836 /* iOS Tests-Prefix.pch */ = {isa = PBXFileReference; lastKnownFileType = sourcecode.c.h; path = "iOS Tests-Prefix.pch"; sourceTree = "<group>"; };
		507C36BB1928EA7200E80836 /* OSX_Test.m */ = {isa = PBXFileReference; fileEncoding = 4; lastKnownFileType = sourcecode.c.objc; path = OSX_Test.m; sourceTree = "<group>"; };
		63EAAA0BE4D24C3CB773F2A7 /* libPods-osx.a */ = {isa = PBXFileReference; explicitFileType = archive.ar; includeInIndex = 0; path = "libPods-osx.a"; sourceTree = BUILT_PRODUCTS_DIR; };
		6E03F211FD1D45C789743EB4 /* Pods-osx.xcconfig */ = {isa = PBXFileReference; includeInIndex = 1; lastKnownFileType = text.xcconfig; name = "Pods-osx.xcconfig"; path = "Pods/Pods-osx.xcconfig"; sourceTree = "<group>"; };
		DC428F2533E64A1E9951CE29 /* libPods-ios.a */ = {isa = PBXFileReference; explicitFileType = archive.ar; includeInIndex = 0; path = "libPods-ios.a"; sourceTree = BUILT_PRODUCTS_DIR; };
/* End PBXFileReference section */

/* Begin PBXFrameworksBuildPhase section */
		501A6FAE1928D9CC00954C51 /* Frameworks */ = {
			isa = PBXFrameworksBuildPhase;
			buildActionMask = 2147483647;
			files = (
				501A6FB31928D9CC00954C51 /* XCTest.framework in Frameworks */,
				501A6FB41928D9CC00954C51 /* Foundation.framework in Frameworks */,
				8611315DDD544A259A6BFEA1 /* libPods-ios.a in Frameworks */,
			);
			runOnlyForDeploymentPostprocessing = 0;
		};
		507C36A81928DE8E00E80836 /* Frameworks */ = {
			isa = PBXFrameworksBuildPhase;
			buildActionMask = 2147483647;
			files = (
				507C36B81928E19F00E80836 /* XCTest.framework in Frameworks */,
				507C36AD1928DE8E00E80836 /* CoreFoundation.framework in Frameworks */,
				BDD19B97F56C4334963EAAC7 /* libPods-osx.a in Frameworks */,
			);
			runOnlyForDeploymentPostprocessing = 0;
		};
/* End PBXFrameworksBuildPhase section */

/* Begin PBXGroup section */
		501A6F8B1928D8E500954C51 = {
			isa = PBXGroup;
			children = (
				501A6FB81928D9CC00954C51 /* iOS Tests */,
				507C36AE1928DE8E00E80836 /* OS X Tests */,
				501A6F981928D9CB00954C51 /* Frameworks */,
				501A6F971928D9CB00954C51 /* Products */,
				4C5E926980C8423080AD8D9E /* Pods-ios.xcconfig */,
				6E03F211FD1D45C789743EB4 /* Pods-osx.xcconfig */,
			);
			indentWidth = 4;
			sourceTree = "<group>";
			tabWidth = 4;
		};
		501A6F971928D9CB00954C51 /* Products */ = {
			isa = PBXGroup;
			children = (
				501A6FB11928D9CC00954C51 /* iOS Tests.xctest */,
				507C36AB1928DE8E00E80836 /* OS X Tests.xctest */,
			);
			name = Products;
			sourceTree = "<group>";
		};
		501A6F981928D9CB00954C51 /* Frameworks */ = {
			isa = PBXGroup;
			children = (
				501A6F991928D9CB00954C51 /* Foundation.framework */,
				501A6F9B1928D9CB00954C51 /* CoreGraphics.framework */,
				501A6F9D1928D9CB00954C51 /* UIKit.framework */,
				501A6FB21928D9CC00954C51 /* XCTest.framework */,
				507C36AC1928DE8E00E80836 /* CoreFoundation.framework */,
				DC428F2533E64A1E9951CE29 /* libPods-ios.a */,
				63EAAA0BE4D24C3CB773F2A7 /* libPods-osx.a */,
			);
			name = Frameworks;
			sourceTree = "<group>";
		};
		501A6FB81928D9CC00954C51 /* iOS Tests */ = {
			isa = PBXGroup;
			children = (
				501A6FBE1928D9CC00954C51 /* iOS_Tests.m */,
				501A6FB91928D9CC00954C51 /* Supporting Files */,
			);
			path = "iOS Tests";
			sourceTree = "<group>";
		};
		501A6FB91928D9CC00954C51 /* Supporting Files */ = {
			isa = PBXGroup;
			children = (
				501A6FBA1928D9CC00954C51 /* iOS Tests-Info.plist */,
				501A6FBB1928D9CC00954C51 /* InfoPlist.strings */,
				507C36BA1928E34B00E80836 /* iOS Tests-Prefix.pch */,
			);
			name = "Supporting Files";
			sourceTree = "<group>";
		};
		507C36AE1928DE8E00E80836 /* OS X Tests */ = {
			isa = PBXGroup;
			children = (
				507C36AF1928DE8E00E80836 /* Supporting Files */,
				507C36BB1928EA7200E80836 /* OSX_Test.m */,
			);
			path = "OS X Tests";
			sourceTree = "<group>";
		};
		507C36AF1928DE8E00E80836 /* Supporting Files */ = {
			isa = PBXGroup;
			children = (
				507C36B01928DE8E00E80836 /* OS X Tests-Info.plist */,
				507C36B11928DE8E00E80836 /* InfoPlist.strings */,
				507C36B41928DE8E00E80836 /* OS X Tests-Prefix.pch */,
			);
			name = "Supporting Files";
			sourceTree = "<group>";
		};
/* End PBXGroup section */

/* Begin PBXNativeTarget section */
		501A6FB01928D9CC00954C51 /* iOS Tests */ = {
			isa = PBXNativeTarget;
			buildConfigurationList = 501A6FC31928D9CC00954C51 /* Build configuration list for PBXNativeTarget "iOS Tests" */;
			buildPhases = (
				41C1B7C67765459DAF7BE778 /* Check Pods Manifest.lock */,
				501A6FAD1928D9CC00954C51 /* Sources */,
				501A6FAE1928D9CC00954C51 /* Frameworks */,
				501A6FAF1928D9CC00954C51 /* Resources */,
				E59C82ADC68D4CE1832425CD /* Copy Pods Resources */,
			);
			buildRules = (
			);
			dependencies = (
			);
			name = "iOS Tests";
			productName = "iOS TestsTests";
			productReference = 501A6FB11928D9CC00954C51 /* iOS Tests.xctest */;
			productType = "com.apple.product-type.bundle.unit-test";
		};
		507C36AA1928DE8E00E80836 /* OS X Tests */ = {
			isa = PBXNativeTarget;
			buildConfigurationList = 507C36B51928DE8E00E80836 /* Build configuration list for PBXNativeTarget "OS X Tests" */;
			buildPhases = (
				CF4F8306F41347F799CA70A5 /* Check Pods Manifest.lock */,
				507C36A71928DE8E00E80836 /* Sources */,
				507C36A81928DE8E00E80836 /* Frameworks */,
				507C36A91928DE8E00E80836 /* Resources */,
				8AB5BD35EE7E47708980F5BE /* Copy Pods Resources */,
			);
			buildRules = (
			);
			dependencies = (
			);
			name = "OS X Tests";
			productName = "OS X Tests";
			productReference = 507C36AB1928DE8E00E80836 /* OS X Tests.xctest */;
			productType = "com.apple.product-type.bundle";
		};
/* End PBXNativeTarget section */

/* Begin PBXProject section */
		501A6F8C1928D8E500954C51 /* Project object */ = {
			isa = PBXProject;
			attributes = {
				LastUpgradeCheck = 0510;
			};
			buildConfigurationList = 501A6F8F1928D8E500954C51 /* Build configuration list for PBXProject "Resort Tests" */;
			compatibilityVersion = "Xcode 3.2";
			developmentRegion = English;
			hasScannedForEncodings = 0;
			knownRegions = (
				en,
			);
			mainGroup = 501A6F8B1928D8E500954C51;
			productRefGroup = 501A6F971928D9CB00954C51 /* Products */;
			projectDirPath = "";
			projectRoot = "";
			targets = (
				501A6FB01928D9CC00954C51 /* iOS Tests */,
				507C36AA1928DE8E00E80836 /* OS X Tests */,
			);
		};
/* End PBXProject section */

/* Begin PBXResourcesBuildPhase section */
		501A6FAF1928D9CC00954C51 /* Resources */ = {
			isa = PBXResourcesBuildPhase;
			buildActionMask = 2147483647;
			files = (
				501A6FBD1928D9CC00954C51 /* InfoPlist.strings in Resources */,
			);
			runOnlyForDeploymentPostprocessing = 0;
		};
		507C36A91928DE8E00E80836 /* Resources */ = {
			isa = PBXResourcesBuildPhase;
			buildActionMask = 2147483647;
			files = (
				507C36B31928DE8E00E80836 /* InfoPlist.strings in Resources */,
			);
			runOnlyForDeploymentPostprocessing = 0;
		};
/* End PBXResourcesBuildPhase section */

/* Begin PBXShellScriptBuildPhase section */
		41C1B7C67765459DAF7BE778 /* Check Pods Manifest.lock */ = {
			isa = PBXShellScriptBuildPhase;
			buildActionMask = 2147483647;
			files = (
			);
			inputPaths = (
			);
			name = "Check Pods Manifest.lock";
			outputPaths = (
			);
			runOnlyForDeploymentPostprocessing = 0;
			shellPath = /bin/sh;
			shellScript = "diff \"${PODS_ROOT}/../Podfile.lock\" \"${PODS_ROOT}/Manifest.lock\" > /dev/null\nif [[ $? != 0 ]] ; then\n    cat << EOM\nerror: The sandbox is not in sync with the Podfile.lock. Run 'pod install' or update your CocoaPods installation.\nEOM\n    exit 1\nfi\n";
			showEnvVarsInLog = 0;
		};
		8AB5BD35EE7E47708980F5BE /* Copy Pods Resources */ = {
			isa = PBXShellScriptBuildPhase;
			buildActionMask = 2147483647;
			files = (
			);
			inputPaths = (
			);
			name = "Copy Pods Resources";
			outputPaths = (
			);
			runOnlyForDeploymentPostprocessing = 0;
			shellPath = /bin/sh;
			shellScript = "\"${SRCROOT}/Pods/Pods-osx-resources.sh\"\n";
			showEnvVarsInLog = 0;
		};
		CF4F8306F41347F799CA70A5 /* Check Pods Manifest.lock */ = {
			isa = PBXShellScriptBuildPhase;
			buildActionMask = 2147483647;
			files = (
			);
			inputPaths = (
			);
			name = "Check Pods Manifest.lock";
			outputPaths = (
			);
			runOnlyForDeploymentPostprocessing = 0;
			shellPath = /bin/sh;
			shellScript = "diff \"${PODS_ROOT}/../Podfile.lock\" \"${PODS_ROOT}/Manifest.lock\" > /dev/null\nif [[ $? != 0 ]] ; then\n    cat << EOM\nerror: The sandbox is not in sync with the Podfile.lock. Run 'pod install' or update your CocoaPods installation.\nEOM\n    exit 1\nfi\n";
			showEnvVarsInLog = 0;
		};
		E59C82ADC68D4CE1832425CD /* Copy Pods Resources */ = {
			isa = PBXShellScriptBuildPhase;
			buildActionMask = 2147483647;
			files = (
			);
			inputPaths = (
			);
			name = "Copy Pods Resources";
			outputPaths = (
			);
			runOnlyForDeploymentPostprocessing = 0;
			shellPath = /bin/sh;
			shellScript = "\"${SRCROOT}/Pods/Pods-ios-resources.sh\"\n";
			showEnvVarsInLog = 0;
		};
/* End PBXShellScriptBuildPhase section */

/* Begin PBXSourcesBuildPhase section */
		501A6FAD1928D9CC00954C51 /* Sources */ = {
			isa = PBXSourcesBuildPhase;
			buildActionMask = 2147483647;
			files = (
				501A6FBF1928D9CC00954C51 /* iOS_Tests.m in Sources */,
			);
			runOnlyForDeploymentPostprocessing = 0;
		};
		507C36A71928DE8E00E80836 /* Sources */ = {
			isa = PBXSourcesBuildPhase;
			buildActionMask = 2147483647;
			files = (
				507C36BD1928EA7600E80836 /* OSX_Test.m in Sources */,
			);
			runOnlyForDeploymentPostprocessing = 0;
		};
/* End PBXSourcesBuildPhase section */

/* Begin PBXVariantGroup section */
		501A6FBB1928D9CC00954C51 /* InfoPlist.strings */ = {
			isa = PBXVariantGroup;
			children = (
				501A6FBC1928D9CC00954C51 /* en */,
			);
			name = InfoPlist.strings;
			sourceTree = "<group>";
		};
		507C36B11928DE8E00E80836 /* InfoPlist.strings */ = {
			isa = PBXVariantGroup;
			children = (
				507C36B21928DE8E00E80836 /* en */,
			);
			name = InfoPlist.strings;
			sourceTree = "<group>";
		};
/* End PBXVariantGroup section */

/* Begin XCBuildConfiguration section */
		501A6F901928D8E500954C51 /* Debug */ = {
			isa = XCBuildConfiguration;
			buildSettings = {
			};
			name = Debug;
		};
		501A6F911928D8E500954C51 /* Release */ = {
			isa = XCBuildConfiguration;
			buildSettings = {
			};
			name = Release;
		};
		501A6FC41928D9CC00954C51 /* Debug */ = {
			isa = XCBuildConfiguration;
			baseConfigurationReference = 4C5E926980C8423080AD8D9E /* Pods-ios.xcconfig */;
			buildSettings = {
				ALWAYS_SEARCH_USER_PATHS = NO;
				CLANG_CXX_LANGUAGE_STANDARD = "gnu++0x";
				CLANG_CXX_LIBRARY = "libc++";
				CLANG_ENABLE_MODULES = YES;
				CLANG_ENABLE_OBJC_ARC = YES;
				CLANG_WARN_BOOL_CONVERSION = YES;
				CLANG_WARN_CONSTANT_CONVERSION = YES;
				CLANG_WARN_DIRECT_OBJC_ISA_USAGE = YES_ERROR;
				CLANG_WARN_EMPTY_BODY = YES;
				CLANG_WARN_ENUM_CONVERSION = YES;
				CLANG_WARN_INT_CONVERSION = YES;
				CLANG_WARN_OBJC_ROOT_CLASS = YES_ERROR;
				CLANG_WARN__DUPLICATE_METHOD_MATCH = YES;
				COPY_PHASE_STRIP = NO;
				FRAMEWORK_SEARCH_PATHS = (
					"$(SDKROOT)/Developer/Library/Frameworks",
					"$(inherited)",
					"$(DEVELOPER_FRAMEWORKS_DIR)",
				);
				GCC_C_LANGUAGE_STANDARD = gnu99;
				GCC_DYNAMIC_NO_PIC = NO;
				GCC_OPTIMIZATION_LEVEL = 0;
				GCC_PRECOMPILE_PREFIX_HEADER = YES;
				GCC_PREFIX_HEADER = "iOS Tests/iOS Tests-Prefix.pch";
				GCC_PREPROCESSOR_DEFINITIONS = (
					"DEBUG=1",
					"$(inherited)",
				);
				GCC_SYMBOLS_PRIVATE_EXTERN = NO;
				GCC_WARN_64_TO_32_BIT_CONVERSION = YES;
				GCC_WARN_ABOUT_RETURN_TYPE = YES_ERROR;
				GCC_WARN_UNDECLARED_SELECTOR = YES;
				GCC_WARN_UNINITIALIZED_AUTOS = YES_AGGRESSIVE;
				GCC_WARN_UNUSED_FUNCTION = YES;
				GCC_WARN_UNUSED_VARIABLE = YES;
				INFOPLIST_FILE = "iOS Tests/iOS Tests-Info.plist";
				IPHONEOS_DEPLOYMENT_TARGET = 7.1;
				ONLY_ACTIVE_ARCH = YES;
				PRODUCT_NAME = "$(TARGET_NAME)";
				SDKROOT = iphoneos;
				WRAPPER_EXTENSION = xctest;
			};
			name = Debug;
		};
		501A6FC51928D9CC00954C51 /* Release */ = {
			isa = XCBuildConfiguration;
			baseConfigurationReference = 4C5E926980C8423080AD8D9E /* Pods-ios.xcconfig */;
			buildSettings = {
				ALWAYS_SEARCH_USER_PATHS = NO;
				CLANG_CXX_LANGUAGE_STANDARD = "gnu++0x";
				CLANG_CXX_LIBRARY = "libc++";
				CLANG_ENABLE_MODULES = YES;
				CLANG_ENABLE_OBJC_ARC = YES;
				CLANG_WARN_BOOL_CONVERSION = YES;
				CLANG_WARN_CONSTANT_CONVERSION = YES;
				CLANG_WARN_DIRECT_OBJC_ISA_USAGE = YES_ERROR;
				CLANG_WARN_EMPTY_BODY = YES;
				CLANG_WARN_ENUM_CONVERSION = YES;
				CLANG_WARN_INT_CONVERSION = YES;
				CLANG_WARN_OBJC_ROOT_CLASS = YES_ERROR;
				CLANG_WARN__DUPLICATE_METHOD_MATCH = YES;
				COPY_PHASE_STRIP = YES;
				ENABLE_NS_ASSERTIONS = NO;
				FRAMEWORK_SEARCH_PATHS = (
					"$(SDKROOT)/Developer/Library/Frameworks",
					"$(inherited)",
					"$(DEVELOPER_FRAMEWORKS_DIR)",
				);
				GCC_C_LANGUAGE_STANDARD = gnu99;
				GCC_PRECOMPILE_PREFIX_HEADER = YES;
				GCC_PREFIX_HEADER = "iOS Tests/iOS Tests-Prefix.pch";
				GCC_WARN_64_TO_32_BIT_CONVERSION = YES;
				GCC_WARN_ABOUT_RETURN_TYPE = YES_ERROR;
				GCC_WARN_UNDECLARED_SELECTOR = YES;
				GCC_WARN_UNINITIALIZED_AUTOS = YES_AGGRESSIVE;
				GCC_WARN_UNUSED_FUNCTION = YES;
				GCC_WARN_UNUSED_VARIABLE = YES;
				INFOPLIST_FILE = "iOS Tests/iOS Tests-Info.plist";
				IPHONEOS_DEPLOYMENT_TARGET = 7.1;
				PRODUCT_NAME = "$(TARGET_NAME)";
				SDKROOT = iphoneos;
				VALIDATE_PRODUCT = YES;
				WRAPPER_EXTENSION = xctest;
			};
			name = Release;
		};
		507C36B61928DE8E00E80836 /* Debug */ = {
			isa = XCBuildConfiguration;
			baseConfigurationReference = 6E03F211FD1D45C789743EB4 /* Pods-osx.xcconfig */;
			buildSettings = {
				ALWAYS_SEARCH_USER_PATHS = NO;
				CLANG_CXX_LANGUAGE_STANDARD = "gnu++0x";
				CLANG_CXX_LIBRARY = "libc++";
				CLANG_ENABLE_MODULES = YES;
				CLANG_ENABLE_OBJC_ARC = YES;
				CLANG_WARN_BOOL_CONVERSION = YES;
				CLANG_WARN_CONSTANT_CONVERSION = YES;
				CLANG_WARN_DIRECT_OBJC_ISA_USAGE = YES_ERROR;
				CLANG_WARN_EMPTY_BODY = YES;
				CLANG_WARN_ENUM_CONVERSION = YES;
				CLANG_WARN_INT_CONVERSION = YES;
				CLANG_WARN_OBJC_ROOT_CLASS = YES_ERROR;
				CLANG_WARN__DUPLICATE_METHOD_MATCH = YES;
				COMBINE_HIDPI_IMAGES = YES;
				COPY_PHASE_STRIP = NO;
				FRAMEWORK_SEARCH_PATHS = (
					"$(inherited)",
					"$(DEVELOPER_FRAMEWORKS_DIR)",
				);
				GCC_C_LANGUAGE_STANDARD = gnu99;
				GCC_DYNAMIC_NO_PIC = NO;
				GCC_ENABLE_OBJC_EXCEPTIONS = YES;
				GCC_OPTIMIZATION_LEVEL = 0;
				GCC_PRECOMPILE_PREFIX_HEADER = YES;
				GCC_PREFIX_HEADER = "OS X Tests/OS X Tests-Prefix.pch";
				GCC_PREPROCESSOR_DEFINITIONS = (
					"DEBUG=1",
					"$(inherited)",
				);
				GCC_SYMBOLS_PRIVATE_EXTERN = NO;
				GCC_WARN_64_TO_32_BIT_CONVERSION = YES;
				GCC_WARN_ABOUT_RETURN_TYPE = YES_ERROR;
				GCC_WARN_UNDECLARED_SELECTOR = YES;
				GCC_WARN_UNINITIALIZED_AUTOS = YES_AGGRESSIVE;
				GCC_WARN_UNUSED_FUNCTION = YES;
				GCC_WARN_UNUSED_VARIABLE = YES;
				INFOPLIST_FILE = "OS X Tests/OS X Tests-Info.plist";
				INSTALL_PATH = "$(LOCAL_LIBRARY_DIR)/Bundles";
				MACOSX_DEPLOYMENT_TARGET = 10.9;
				ONLY_ACTIVE_ARCH = YES;
				PRODUCT_NAME = "$(TARGET_NAME)";
				SDKROOT = macosx;
				WRAPPER_EXTENSION = xctest;
			};
			name = Debug;
		};
		507C36B71928DE8E00E80836 /* Release */ = {
			isa = XCBuildConfiguration;
			baseConfigurationReference = 6E03F211FD1D45C789743EB4 /* Pods-osx.xcconfig */;
			buildSettings = {
				ALWAYS_SEARCH_USER_PATHS = NO;
				CLANG_CXX_LANGUAGE_STANDARD = "gnu++0x";
				CLANG_CXX_LIBRARY = "libc++";
				CLANG_ENABLE_MODULES = YES;
				CLANG_ENABLE_OBJC_ARC = YES;
				CLANG_WARN_BOOL_CONVERSION = YES;
				CLANG_WARN_CONSTANT_CONVERSION = YES;
				CLANG_WARN_DIRECT_OBJC_ISA_USAGE = YES_ERROR;
				CLANG_WARN_EMPTY_BODY = YES;
				CLANG_WARN_ENUM_CONVERSION = YES;
				CLANG_WARN_INT_CONVERSION = YES;
				CLANG_WARN_OBJC_ROOT_CLASS = YES_ERROR;
				CLANG_WARN__DUPLICATE_METHOD_MATCH = YES;
				COMBINE_HIDPI_IMAGES = YES;
				COPY_PHASE_STRIP = YES;
				DEBUG_INFORMATION_FORMAT = "dwarf-with-dsym";
				ENABLE_NS_ASSERTIONS = NO;
				FRAMEWORK_SEARCH_PATHS = (
					"$(inherited)",
					"$(DEVELOPER_FRAMEWORKS_DIR)",
				);
				GCC_C_LANGUAGE_STANDARD = gnu99;
				GCC_ENABLE_OBJC_EXCEPTIONS = YES;
				GCC_PRECOMPILE_PREFIX_HEADER = YES;
				GCC_PREFIX_HEADER = "OS X Tests/OS X Tests-Prefix.pch";
				GCC_WARN_64_TO_32_BIT_CONVERSION = YES;
				GCC_WARN_ABOUT_RETURN_TYPE = YES_ERROR;
				GCC_WARN_UNDECLARED_SELECTOR = YES;
				GCC_WARN_UNINITIALIZED_AUTOS = YES_AGGRESSIVE;
				GCC_WARN_UNUSED_FUNCTION = YES;
				GCC_WARN_UNUSED_VARIABLE = YES;
				INFOPLIST_FILE = "OS X Tests/OS X Tests-Info.plist";
				INSTALL_PATH = "$(LOCAL_LIBRARY_DIR)/Bundles";
				MACOSX_DEPLOYMENT_TARGET = 10.9;
				PRODUCT_NAME = "$(TARGET_NAME)";
				SDKROOT = macosx;
				WRAPPER_EXTENSION = xctest;
			};
			name = Release;
		};
/* End XCBuildConfiguration section */

/* Begin XCConfigurationList section */
		501A6F8F1928D8E500954C51 /* Build configuration list for PBXProject "Resort Tests" */ = {
			isa = XCConfigurationList;
			buildConfigurations = (
				501A6F901928D8E500954C51 /* Debug */,
				501A6F911928D8E500954C51 /* Release */,
			);
			defaultConfigurationIsVisible = 0;
			defaultConfigurationName = Release;
		};
		501A6FC31928D9CC00954C51 /* Build configuration list for PBXNativeTarget "iOS Tests" */ = {
			isa = XCConfigurationList;
			buildConfigurations = (
				501A6FC41928D9CC00954C51 /* Debug */,
				501A6FC51928D9CC00954C51 /* Release */,
			);
			defaultConfigurationIsVisible = 0;
			defaultConfigurationName = Release;
		};
		507C36B51928DE8E00E80836 /* Build configuration list for PBXNativeTarget "OS X Tests" */ = {
			isa = XCConfigurationList;
			buildConfigurations = (
				507C36B61928DE8E00E80836 /* Debug */,
				507C36B71928DE8E00E80836 /* Release */,
			);
			defaultConfigurationIsVisible = 0;
			defaultConfigurationName = Release;
		};
/* End XCConfigurationList section */
	};
	rootObject = 501A6F8C1928D8E500954C51 /* Project object */;
}
